// !$*UTF8*$!
{
	archiveVersion = 1;
	classes = {
	};
	objectVersion = 56;
	objects = {

/* Begin PBXBuildFile section */
		DBE1DC9C2CED9737000ABD8B /* AppDelegate.swift in Sources */ = {isa = PBXBuildFile; fileRef = DBE1DC9B2CED9737000ABD8B /* AppDelegate.swift */; };
		DBE1DC9E2CED9737000ABD8B /* SceneDelegate.swift in Sources */ = {isa = PBXBuildFile; fileRef = DBE1DC9D2CED9737000ABD8B /* SceneDelegate.swift */; };
		DBE1DCA32CED9737000ABD8B /* Base in Resources */ = {isa = PBXBuildFile; fileRef = DBE1DCA22CED9737000ABD8B /* Base */; };
		DBE1DCA52CED973B000ABD8B /* Assets.xcassets in Resources */ = {isa = PBXBuildFile; fileRef = DBE1DCA42CED973B000ABD8B /* Assets.xcassets */; };
		DBE1DCA82CED973B000ABD8B /* Base in Resources */ = {isa = PBXBuildFile; fileRef = DBE1DCA72CED973B000ABD8B /* Base */; };
		DBE1DCB32CED973C000ABD8B /* Home_VueTests.swift in Sources */ = {isa = PBXBuildFile; fileRef = DBE1DCB22CED973C000ABD8B /* Home_VueTests.swift */; };
		DBE1DCBD2CED973C000ABD8B /* Home_VueUITests.swift in Sources */ = {isa = PBXBuildFile; fileRef = DBE1DCBC2CED973C000ABD8B /* Home_VueUITests.swift */; };
		DBE1DCBF2CED973C000ABD8B /* Home_VueUITestsLaunchTests.swift in Sources */ = {isa = PBXBuildFile; fileRef = DBE1DCBE2CED973C000ABD8B /* Home_VueUITestsLaunchTests.swift */; };
/* End PBXBuildFile section */

/* Begin PBXContainerItemProxy section */
		DBE1DCAF2CED973C000ABD8B /* PBXContainerItemProxy */ = {
			isa = PBXContainerItemProxy;
			containerPortal = DBE1DC902CED9737000ABD8B /* Project object */;
			proxyType = 1;
			remoteGlobalIDString = DBE1DC972CED9737000ABD8B;
			remoteInfo = "Home Vue";
		};
		DBE1DCB92CED973C000ABD8B /* PBXContainerItemProxy */ = {
			isa = PBXContainerItemProxy;
			containerPortal = DBE1DC902CED9737000ABD8B /* Project object */;
			proxyType = 1;
			remoteGlobalIDString = DBE1DC972CED9737000ABD8B;
			remoteInfo = "Home Vue";
		};
/* End PBXContainerItemProxy section */

/* Begin PBXFileReference section */
		DBE1DC982CED9737000ABD8B /* Home Vue.app */ = {isa = PBXFileReference; explicitFileType = wrapper.application; includeInIndex = 0; path = "Home Vue.app"; sourceTree = BUILT_PRODUCTS_DIR; };
		DBE1DC9B2CED9737000ABD8B /* AppDelegate.swift */ = {isa = PBXFileReference; lastKnownFileType = sourcecode.swift; path = AppDelegate.swift; sourceTree = "<group>"; };
		DBE1DC9D2CED9737000ABD8B /* SceneDelegate.swift */ = {isa = PBXFileReference; lastKnownFileType = sourcecode.swift; path = SceneDelegate.swift; sourceTree = "<group>"; };
		DBE1DCA22CED9737000ABD8B /* Base */ = {isa = PBXFileReference; lastKnownFileType = file.storyboard; name = Base; path = Base.lproj/Main.storyboard; sourceTree = "<group>"; };
		DBE1DCA42CED973B000ABD8B /* Assets.xcassets */ = {isa = PBXFileReference; lastKnownFileType = folder.assetcatalog; path = Assets.xcassets; sourceTree = "<group>"; };
		DBE1DCA72CED973B000ABD8B /* Base */ = {isa = PBXFileReference; lastKnownFileType = file.storyboard; name = Base; path = Base.lproj/LaunchScreen.storyboard; sourceTree = "<group>"; };
		DBE1DCA92CED973B000ABD8B /* Info.plist */ = {isa = PBXFileReference; lastKnownFileType = text.plist.xml; path = Info.plist; sourceTree = "<group>"; };
		DBE1DCAE2CED973C000ABD8B /* Home VueTests.xctest */ = {isa = PBXFileReference; explicitFileType = wrapper.cfbundle; includeInIndex = 0; path = "Home VueTests.xctest"; sourceTree = BUILT_PRODUCTS_DIR; };
		DBE1DCB22CED973C000ABD8B /* Home_VueTests.swift */ = {isa = PBXFileReference; lastKnownFileType = sourcecode.swift; path = Home_VueTests.swift; sourceTree = "<group>"; };
		DBE1DCB82CED973C000ABD8B /* Home VueUITests.xctest */ = {isa = PBXFileReference; explicitFileType = wrapper.cfbundle; includeInIndex = 0; path = "Home VueUITests.xctest"; sourceTree = BUILT_PRODUCTS_DIR; };
		DBE1DCBC2CED973C000ABD8B /* Home_VueUITests.swift */ = {isa = PBXFileReference; lastKnownFileType = sourcecode.swift; path = Home_VueUITests.swift; sourceTree = "<group>"; };
		DBE1DCBE2CED973C000ABD8B /* Home_VueUITestsLaunchTests.swift */ = {isa = PBXFileReference; lastKnownFileType = sourcecode.swift; path = Home_VueUITestsLaunchTests.swift; sourceTree = "<group>"; };
/* End PBXFileReference section */

/* Begin PBXFrameworksBuildPhase section */
		DBE1DC952CED9737000ABD8B /* Frameworks */ = {
			isa = PBXFrameworksBuildPhase;
			buildActionMask = 2147483647;
			files = (
			);
			runOnlyForDeploymentPostprocessing = 0;
		};
		DBE1DCAB2CED973C000ABD8B /* Frameworks */ = {
			isa = PBXFrameworksBuildPhase;
			buildActionMask = 2147483647;
			files = (
			);
			runOnlyForDeploymentPostprocessing = 0;
		};
		DBE1DCB52CED973C000ABD8B /* Frameworks */ = {
			isa = PBXFrameworksBuildPhase;
			buildActionMask = 2147483647;
			files = (
			);
			runOnlyForDeploymentPostprocessing = 0;
		};
/* End PBXFrameworksBuildPhase section */

/* Begin PBXGroup section */
		DBE1DC8F2CED9737000ABD8B = {
			isa = PBXGroup;
			children = (
				DBE1DC9A2CED9737000ABD8B /* Home Vue */,
				DBE1DCB12CED973C000ABD8B /* Home VueTests */,
				DBE1DCBB2CED973C000ABD8B /* Home VueUITests */,
				DBE1DC992CED9737000ABD8B /* Products */,
			);
			sourceTree = "<group>";
		};
		DBE1DC992CED9737000ABD8B /* Products */ = {
			isa = PBXGroup;
			children = (
				DBE1DC982CED9737000ABD8B /* Home Vue.app */,
				DBE1DCAE2CED973C000ABD8B /* Home VueTests.xctest */,
				DBE1DCB82CED973C000ABD8B /* Home VueUITests.xctest */,
			);
			name = Products;
			sourceTree = "<group>";
		};
		DBE1DC9A2CED9737000ABD8B /* Home Vue */ = {
			isa = PBXGroup;
			children = (
				DBE1DC9B2CED9737000ABD8B /* AppDelegate.swift */,
				DBE1DC9D2CED9737000ABD8B /* SceneDelegate.swift */,
				DBE1DCA12CED9737000ABD8B /* Main.storyboard */,
				DBE1DCA42CED973B000ABD8B /* Assets.xcassets */,
				DBE1DCA62CED973B000ABD8B /* LaunchScreen.storyboard */,
				DBE1DCA92CED973B000ABD8B /* Info.plist */,
			);
			path = "Home Vue";
			sourceTree = "<group>";
		};
		DBE1DCB12CED973C000ABD8B /* Home VueTests */ = {
			isa = PBXGroup;
			children = (
				DBE1DCB22CED973C000ABD8B /* Home_VueTests.swift */,
			);
			path = "Home VueTests";
			sourceTree = "<group>";
		};
		DBE1DCBB2CED973C000ABD8B /* Home VueUITests */ = {
			isa = PBXGroup;
			children = (
				DBE1DCBC2CED973C000ABD8B /* Home_VueUITests.swift */,
				DBE1DCBE2CED973C000ABD8B /* Home_VueUITestsLaunchTests.swift */,
			);
			path = "Home VueUITests";
			sourceTree = "<group>";
		};
/* End PBXGroup section */

/* Begin PBXNativeTarget section */
		DBE1DC972CED9737000ABD8B /* Home Vue */ = {
			isa = PBXNativeTarget;
			buildConfigurationList = DBE1DCC22CED973C000ABD8B /* Build configuration list for PBXNativeTarget "Home Vue" */;
			buildPhases = (
				DBE1DC942CED9737000ABD8B /* Sources */,
				DBE1DC952CED9737000ABD8B /* Frameworks */,
				DBE1DC962CED9737000ABD8B /* Resources */,
			);
			buildRules = (
			);
			dependencies = (
			);
			name = "Home Vue";
			productName = "Home Vue";
			productReference = DBE1DC982CED9737000ABD8B /* Home Vue.app */;
			productType = "com.apple.product-type.application";
		};
		DBE1DCAD2CED973C000ABD8B /* Home VueTests */ = {
			isa = PBXNativeTarget;
			buildConfigurationList = DBE1DCC52CED973C000ABD8B /* Build configuration list for PBXNativeTarget "Home VueTests" */;
			buildPhases = (
				DBE1DCAA2CED973C000ABD8B /* Sources */,
				DBE1DCAB2CED973C000ABD8B /* Frameworks */,
				DBE1DCAC2CED973C000ABD8B /* Resources */,
			);
			buildRules = (
			);
			dependencies = (
				DBE1DCB02CED973C000ABD8B /* PBXTargetDependency */,
			);
			name = "Home VueTests";
			productName = "Home VueTests";
			productReference = DBE1DCAE2CED973C000ABD8B /* Home VueTests.xctest */;
			productType = "com.apple.product-type.bundle.unit-test";
		};
		DBE1DCB72CED973C000ABD8B /* Home VueUITests */ = {
			isa = PBXNativeTarget;
			buildConfigurationList = DBE1DCC82CED973C000ABD8B /* Build configuration list for PBXNativeTarget "Home VueUITests" */;
			buildPhases = (
				DBE1DCB42CED973C000ABD8B /* Sources */,
				DBE1DCB52CED973C000ABD8B /* Frameworks */,
				DBE1DCB62CED973C000ABD8B /* Resources */,
			);
			buildRules = (
			);
			dependencies = (
				DBE1DCBA2CED973C000ABD8B /* PBXTargetDependency */,
			);
			name = "Home VueUITests";
			productName = "Home VueUITests";
			productReference = DBE1DCB82CED973C000ABD8B /* Home VueUITests.xctest */;
			productType = "com.apple.product-type.bundle.ui-testing";
		};
/* End PBXNativeTarget section */

/* Begin PBXProject section */
		DBE1DC902CED9737000ABD8B /* Project object */ = {
			isa = PBXProject;
			attributes = {
				BuildIndependentTargetsInParallel = 1;
				LastSwiftUpdateCheck = 1540;
				LastUpgradeCheck = 1540;
				TargetAttributes = {
					DBE1DC972CED9737000ABD8B = {
						CreatedOnToolsVersion = 15.4;
					};
					DBE1DCAD2CED973C000ABD8B = {
						CreatedOnToolsVersion = 15.4;
						TestTargetID = DBE1DC972CED9737000ABD8B;
					};
					DBE1DCB72CED973C000ABD8B = {
						CreatedOnToolsVersion = 15.4;
						TestTargetID = DBE1DC972CED9737000ABD8B;
					};
				};
			};
			buildConfigurationList = DBE1DC932CED9737000ABD8B /* Build configuration list for PBXProject "Home Vue" */;
			compatibilityVersion = "Xcode 14.0";
			developmentRegion = en;
			hasScannedForEncodings = 0;
			knownRegions = (
				en,
				Base,
			);
			mainGroup = DBE1DC8F2CED9737000ABD8B;
			productRefGroup = DBE1DC992CED9737000ABD8B /* Products */;
			projectDirPath = "";
			projectRoot = "";
			targets = (
				DBE1DC972CED9737000ABD8B /* Home Vue */,
				DBE1DCAD2CED973C000ABD8B /* Home VueTests */,
				DBE1DCB72CED973C000ABD8B /* Home VueUITests */,
			);
		};
/* End PBXProject section */

/* Begin PBXResourcesBuildPhase section */
		DBE1DC962CED9737000ABD8B /* Resources */ = {
			isa = PBXResourcesBuildPhase;
			buildActionMask = 2147483647;
			files = (
				DBE1DCA52CED973B000ABD8B /* Assets.xcassets in Resources */,
				DBE1DCA82CED973B000ABD8B /* Base in Resources */,
				DBE1DCA32CED9737000ABD8B /* Base in Resources */,
			);
			runOnlyForDeploymentPostprocessing = 0;
		};
		DBE1DCAC2CED973C000ABD8B /* Resources */ = {
			isa = PBXResourcesBuildPhase;
			buildActionMask = 2147483647;
			files = (
			);
			runOnlyForDeploymentPostprocessing = 0;
		};
		DBE1DCB62CED973C000ABD8B /* Resources */ = {
			isa = PBXResourcesBuildPhase;
			buildActionMask = 2147483647;
			files = (
			);
			runOnlyForDeploymentPostprocessing = 0;
		};
/* End PBXResourcesBuildPhase section */

/* Begin PBXSourcesBuildPhase section */
		DBE1DC942CED9737000ABD8B /* Sources */ = {
			isa = PBXSourcesBuildPhase;
			buildActionMask = 2147483647;
			files = (
				DBE1DC9C2CED9737000ABD8B /* AppDelegate.swift in Sources */,
				DBE1DC9E2CED9737000ABD8B /* SceneDelegate.swift in Sources */,
			);
			runOnlyForDeploymentPostprocessing = 0;
		};
		DBE1DCAA2CED973C000ABD8B /* Sources */ = {
			isa = PBXSourcesBuildPhase;
			buildActionMask = 2147483647;
			files = (
				DBE1DCB32CED973C000ABD8B /* Home_VueTests.swift in Sources */,
			);
			runOnlyForDeploymentPostprocessing = 0;
		};
		DBE1DCB42CED973C000ABD8B /* Sources */ = {
			isa = PBXSourcesBuildPhase;
			buildActionMask = 2147483647;
			files = (
				DBE1DCBF2CED973C000ABD8B /* Home_VueUITestsLaunchTests.swift in Sources */,
				DBE1DCBD2CED973C000ABD8B /* Home_VueUITests.swift in Sources */,
			);
			runOnlyForDeploymentPostprocessing = 0;
		};
/* End PBXSourcesBuildPhase section */

/* Begin PBXTargetDependency section */
		DBE1DCB02CED973C000ABD8B /* PBXTargetDependency */ = {
			isa = PBXTargetDependency;
			target = DBE1DC972CED9737000ABD8B /* Home Vue */;
			targetProxy = DBE1DCAF2CED973C000ABD8B /* PBXContainerItemProxy */;
		};
		DBE1DCBA2CED973C000ABD8B /* PBXTargetDependency */ = {
			isa = PBXTargetDependency;
			target = DBE1DC972CED9737000ABD8B /* Home Vue */;
			targetProxy = DBE1DCB92CED973C000ABD8B /* PBXContainerItemProxy */;
		};
/* End PBXTargetDependency section */

/* Begin PBXVariantGroup section */
		DBE1DCA12CED9737000ABD8B /* Main.storyboard */ = {
			isa = PBXVariantGroup;
			children = (
				DBE1DCA22CED9737000ABD8B /* Base */,
			);
			name = Main.storyboard;
			sourceTree = "<group>";
		};
		DBE1DCA62CED973B000ABD8B /* LaunchScreen.storyboard */ = {
			isa = PBXVariantGroup;
			children = (
				DBE1DCA72CED973B000ABD8B /* Base */,
			);
			name = LaunchScreen.storyboard;
			sourceTree = "<group>";
		};
/* End PBXVariantGroup section */

/* Begin XCBuildConfiguration section */
		DBE1DCC02CED973C000ABD8B /* Debug */ = {
			isa = XCBuildConfiguration;
			buildSettings = {
				ALWAYS_SEARCH_USER_PATHS = NO;
				ASSETCATALOG_COMPILER_GENERATE_SWIFT_ASSET_SYMBOL_EXTENSIONS = YES;
				CLANG_ANALYZER_NONNULL = YES;
				CLANG_ANALYZER_NUMBER_OBJECT_CONVERSION = YES_AGGRESSIVE;
				CLANG_CXX_LANGUAGE_STANDARD = "gnu++20";
				CLANG_ENABLE_MODULES = YES;
				CLANG_ENABLE_OBJC_ARC = YES;
				CLANG_ENABLE_OBJC_WEAK = YES;
				CLANG_WARN_BLOCK_CAPTURE_AUTORELEASING = YES;
				CLANG_WARN_BOOL_CONVERSION = YES;
				CLANG_WARN_COMMA = YES;
				CLANG_WARN_CONSTANT_CONVERSION = YES;
				CLANG_WARN_DEPRECATED_OBJC_IMPLEMENTATIONS = YES;
				CLANG_WARN_DIRECT_OBJC_ISA_USAGE = YES_ERROR;
				CLANG_WARN_DOCUMENTATION_COMMENTS = YES;
				CLANG_WARN_EMPTY_BODY = YES;
				CLANG_WARN_ENUM_CONVERSION = YES;
				CLANG_WARN_INFINITE_RECURSION = YES;
				CLANG_WARN_INT_CONVERSION = YES;
				CLANG_WARN_NON_LITERAL_NULL_CONVERSION = YES;
				CLANG_WARN_OBJC_IMPLICIT_RETAIN_SELF = YES;
				CLANG_WARN_OBJC_LITERAL_CONVERSION = YES;
				CLANG_WARN_OBJC_ROOT_CLASS = YES_ERROR;
				CLANG_WARN_QUOTED_INCLUDE_IN_FRAMEWORK_HEADER = YES;
				CLANG_WARN_RANGE_LOOP_ANALYSIS = YES;
				CLANG_WARN_STRICT_PROTOTYPES = YES;
				CLANG_WARN_SUSPICIOUS_MOVE = YES;
				CLANG_WARN_UNGUARDED_AVAILABILITY = YES_AGGRESSIVE;
				CLANG_WARN_UNREACHABLE_CODE = YES;
				CLANG_WARN__DUPLICATE_METHOD_MATCH = YES;
				COPY_PHASE_STRIP = NO;
				DEBUG_INFORMATION_FORMAT = dwarf;
				ENABLE_STRICT_OBJC_MSGSEND = YES;
				ENABLE_TESTABILITY = YES;
				ENABLE_USER_SCRIPT_SANDBOXING = YES;
				GCC_C_LANGUAGE_STANDARD = gnu17;
				GCC_DYNAMIC_NO_PIC = NO;
				GCC_NO_COMMON_BLOCKS = YES;
				GCC_OPTIMIZATION_LEVEL = 0;
				GCC_PREPROCESSOR_DEFINITIONS = (
					"DEBUG=1",
					"$(inherited)",
				);
				GCC_WARN_64_TO_32_BIT_CONVERSION = YES;
				GCC_WARN_ABOUT_RETURN_TYPE = YES_ERROR;
				GCC_WARN_UNDECLARED_SELECTOR = YES;
				GCC_WARN_UNINITIALIZED_AUTOS = YES_AGGRESSIVE;
				GCC_WARN_UNUSED_FUNCTION = YES;
				GCC_WARN_UNUSED_VARIABLE = YES;
				IPHONEOS_DEPLOYMENT_TARGET = 17.5;
				LOCALIZATION_PREFERS_STRING_CATALOGS = YES;
				MTL_ENABLE_DEBUG_INFO = INCLUDE_SOURCE;
				MTL_FAST_MATH = YES;
				ONLY_ACTIVE_ARCH = YES;
				SDKROOT = iphoneos;
				SWIFT_ACTIVE_COMPILATION_CONDITIONS = "DEBUG $(inherited)";
				SWIFT_OPTIMIZATION_LEVEL = "-Onone";
			};
			name = Debug;
		};
		DBE1DCC12CED973C000ABD8B /* Release */ = {
			isa = XCBuildConfiguration;
			buildSettings = {
				ALWAYS_SEARCH_USER_PATHS = NO;
				ASSETCATALOG_COMPILER_GENERATE_SWIFT_ASSET_SYMBOL_EXTENSIONS = YES;
				CLANG_ANALYZER_NONNULL = YES;
				CLANG_ANALYZER_NUMBER_OBJECT_CONVERSION = YES_AGGRESSIVE;
				CLANG_CXX_LANGUAGE_STANDARD = "gnu++20";
				CLANG_ENABLE_MODULES = YES;
				CLANG_ENABLE_OBJC_ARC = YES;
				CLANG_ENABLE_OBJC_WEAK = YES;
				CLANG_WARN_BLOCK_CAPTURE_AUTORELEASING = YES;
				CLANG_WARN_BOOL_CONVERSION = YES;
				CLANG_WARN_COMMA = YES;
				CLANG_WARN_CONSTANT_CONVERSION = YES;
				CLANG_WARN_DEPRECATED_OBJC_IMPLEMENTATIONS = YES;
				CLANG_WARN_DIRECT_OBJC_ISA_USAGE = YES_ERROR;
				CLANG_WARN_DOCUMENTATION_COMMENTS = YES;
				CLANG_WARN_EMPTY_BODY = YES;
				CLANG_WARN_ENUM_CONVERSION = YES;
				CLANG_WARN_INFINITE_RECURSION = YES;
				CLANG_WARN_INT_CONVERSION = YES;
				CLANG_WARN_NON_LITERAL_NULL_CONVERSION = YES;
				CLANG_WARN_OBJC_IMPLICIT_RETAIN_SELF = YES;
				CLANG_WARN_OBJC_LITERAL_CONVERSION = YES;
				CLANG_WARN_OBJC_ROOT_CLASS = YES_ERROR;
				CLANG_WARN_QUOTED_INCLUDE_IN_FRAMEWORK_HEADER = YES;
				CLANG_WARN_RANGE_LOOP_ANALYSIS = YES;
				CLANG_WARN_STRICT_PROTOTYPES = YES;
				CLANG_WARN_SUSPICIOUS_MOVE = YES;
				CLANG_WARN_UNGUARDED_AVAILABILITY = YES_AGGRESSIVE;
				CLANG_WARN_UNREACHABLE_CODE = YES;
				CLANG_WARN__DUPLICATE_METHOD_MATCH = YES;
				COPY_PHASE_STRIP = NO;
				DEBUG_INFORMATION_FORMAT = "dwarf-with-dsym";
				ENABLE_NS_ASSERTIONS = NO;
				ENABLE_STRICT_OBJC_MSGSEND = YES;
				ENABLE_USER_SCRIPT_SANDBOXING = YES;
				GCC_C_LANGUAGE_STANDARD = gnu17;
				GCC_NO_COMMON_BLOCKS = YES;
				GCC_WARN_64_TO_32_BIT_CONVERSION = YES;
				GCC_WARN_ABOUT_RETURN_TYPE = YES_ERROR;
				GCC_WARN_UNDECLARED_SELECTOR = YES;
				GCC_WARN_UNINITIALIZED_AUTOS = YES_AGGRESSIVE;
				GCC_WARN_UNUSED_FUNCTION = YES;
				GCC_WARN_UNUSED_VARIABLE = YES;
				IPHONEOS_DEPLOYMENT_TARGET = 17.5;
				LOCALIZATION_PREFERS_STRING_CATALOGS = YES;
				MTL_ENABLE_DEBUG_INFO = NO;
				MTL_FAST_MATH = YES;
				SDKROOT = iphoneos;
				SWIFT_COMPILATION_MODE = wholemodule;
				VALIDATE_PRODUCT = YES;
			};
			name = Release;
		};
		DBE1DCC32CED973C000ABD8B /* Debug */ = {
			isa = XCBuildConfiguration;
			buildSettings = {
				ASSETCATALOG_COMPILER_APPICON_NAME = AppIcon;
				ASSETCATALOG_COMPILER_GLOBAL_ACCENT_COLOR_NAME = AccentColor;
				CODE_SIGN_STYLE = Automatic;
				CURRENT_PROJECT_VERSION = 1;
				GENERATE_INFOPLIST_FILE = YES;
				INFOPLIST_FILE = "Home Vue/Info.plist";
				INFOPLIST_KEY_UIApplicationSupportsIndirectInputEvents = YES;
				INFOPLIST_KEY_UILaunchStoryboardName = LaunchScreen;
				INFOPLIST_KEY_UIMainStoryboardFile = Main;
				INFOPLIST_KEY_UISupportedInterfaceOrientations_iPad = "UIInterfaceOrientationPortrait UIInterfaceOrientationPortraitUpsideDown UIInterfaceOrientationLandscapeLeft UIInterfaceOrientationLandscapeRight";
				INFOPLIST_KEY_UISupportedInterfaceOrientations_iPhone = "UIInterfaceOrientationPortrait UIInterfaceOrientationLandscapeLeft UIInterfaceOrientationLandscapeRight";
				LD_RUNPATH_SEARCH_PATHS = (
					"$(inherited)",
					"@executable_path/Frameworks",
				);
				MARKETING_VERSION = 1.0;
				PRODUCT_BUNDLE_IDENTIFIER = "com.loremipsum.Home-Vue";
				PRODUCT_NAME = "$(TARGET_NAME)";
				SWIFT_EMIT_LOC_STRINGS = YES;
				SWIFT_VERSION = 5.0;
				TARGETED_DEVICE_FAMILY = "1,2";
			};
			name = Debug;
		};
		DBE1DCC42CED973C000ABD8B /* Release */ = {
			isa = XCBuildConfiguration;
			buildSettings = {
				ASSETCATALOG_COMPILER_APPICON_NAME = AppIcon;
				ASSETCATALOG_COMPILER_GLOBAL_ACCENT_COLOR_NAME = AccentColor;
				CODE_SIGN_STYLE = Automatic;
				CURRENT_PROJECT_VERSION = 1;
				GENERATE_INFOPLIST_FILE = YES;
				INFOPLIST_FILE = "Home Vue/Info.plist";
				INFOPLIST_KEY_UIApplicationSupportsIndirectInputEvents = YES;
				INFOPLIST_KEY_UILaunchStoryboardName = LaunchScreen;
				INFOPLIST_KEY_UIMainStoryboardFile = Main;
				INFOPLIST_KEY_UISupportedInterfaceOrientations_iPad = "UIInterfaceOrientationPortrait UIInterfaceOrientationPortraitUpsideDown UIInterfaceOrientationLandscapeLeft UIInterfaceOrientationLandscapeRight";
				INFOPLIST_KEY_UISupportedInterfaceOrientations_iPhone = "UIInterfaceOrientationPortrait UIInterfaceOrientationLandscapeLeft UIInterfaceOrientationLandscapeRight";
				LD_RUNPATH_SEARCH_PATHS = (
					"$(inherited)",
					"@executable_path/Frameworks",
				);
				MARKETING_VERSION = 1.0;
				PRODUCT_BUNDLE_IDENTIFIER = "com.loremipsum.Home-Vue";
				PRODUCT_NAME = "$(TARGET_NAME)";
				SWIFT_EMIT_LOC_STRINGS = YES;
				SWIFT_VERSION = 5.0;
				TARGETED_DEVICE_FAMILY = "1,2";
			};
			name = Release;
		};
		DBE1DCC62CED973C000ABD8B /* Debug */ = {
			isa = XCBuildConfiguration;
			buildSettings = {
				ALWAYS_EMBED_SWIFT_STANDARD_LIBRARIES = YES;
				BUNDLE_LOADER = "$(TEST_HOST)";
				CODE_SIGN_STYLE = Automatic;
				CURRENT_PROJECT_VERSION = 1;
				GENERATE_INFOPLIST_FILE = YES;
				IPHONEOS_DEPLOYMENT_TARGET = 17.5;
				MARKETING_VERSION = 1.0;
				PRODUCT_BUNDLE_IDENTIFIER = "com.loremipsum.Home-VueTests";
				PRODUCT_NAME = "$(TARGET_NAME)";
				SWIFT_EMIT_LOC_STRINGS = NO;
				SWIFT_VERSION = 5.0;
				TARGETED_DEVICE_FAMILY = "1,2";
				TEST_HOST = "$(BUILT_PRODUCTS_DIR)/Home Vue.app/$(BUNDLE_EXECUTABLE_FOLDER_PATH)/Home Vue";
			};
			name = Debug;
		};
		DBE1DCC72CED973C000ABD8B /* Release */ = {
			isa = XCBuildConfiguration;
			buildSettings = {
				ALWAYS_EMBED_SWIFT_STANDARD_LIBRARIES = YES;
				BUNDLE_LOADER = "$(TEST_HOST)";
				CODE_SIGN_STYLE = Automatic;
				CURRENT_PROJECT_VERSION = 1;
				GENERATE_INFOPLIST_FILE = YES;
				IPHONEOS_DEPLOYMENT_TARGET = 17.5;
				MARKETING_VERSION = 1.0;
				PRODUCT_BUNDLE_IDENTIFIER = "com.loremipsum.Home-VueTests";
				PRODUCT_NAME = "$(TARGET_NAME)";
				SWIFT_EMIT_LOC_STRINGS = NO;
				SWIFT_VERSION = 5.0;
				TARGETED_DEVICE_FAMILY = "1,2";
				TEST_HOST = "$(BUILT_PRODUCTS_DIR)/Home Vue.app/$(BUNDLE_EXECUTABLE_FOLDER_PATH)/Home Vue";
			};
			name = Release;
		};
		DBE1DCC92CED973C000ABD8B /* Debug */ = {
			isa = XCBuildConfiguration;
			buildSettings = {
				ALWAYS_EMBED_SWIFT_STANDARD_LIBRARIES = YES;
				CODE_SIGN_STYLE = Automatic;
				CURRENT_PROJECT_VERSION = 1;
				GENERATE_INFOPLIST_FILE = YES;
				MARKETING_VERSION = 1.0;
				PRODUCT_BUNDLE_IDENTIFIER = "com.loremipsum.Home-VueUITests";
				PRODUCT_NAME = "$(TARGET_NAME)";
				SWIFT_EMIT_LOC_STRINGS = NO;
				SWIFT_VERSION = 5.0;
				TARGETED_DEVICE_FAMILY = "1,2";
				TEST_TARGET_NAME = "Home Vue";
			};
			name = Debug;
		};
		DBE1DCCA2CED973C000ABD8B /* Release */ = {
			isa = XCBuildConfiguration;
			buildSettings = {
				ALWAYS_EMBED_SWIFT_STANDARD_LIBRARIES = YES;
				CODE_SIGN_STYLE = Automatic;
				CURRENT_PROJECT_VERSION = 1;
				GENERATE_INFOPLIST_FILE = YES;
				MARKETING_VERSION = 1.0;
				PRODUCT_BUNDLE_IDENTIFIER = "com.loremipsum.Home-VueUITests";
				PRODUCT_NAME = "$(TARGET_NAME)";
				SWIFT_EMIT_LOC_STRINGS = NO;
				SWIFT_VERSION = 5.0;
				TARGETED_DEVICE_FAMILY = "1,2";
				TEST_TARGET_NAME = "Home Vue";
			};
			name = Release;
		};
/* End XCBuildConfiguration section */

/* Begin XCConfigurationList section */
		DBE1DC932CED9737000ABD8B /* Build configuration list for PBXProject "Home Vue" */ = {
			isa = XCConfigurationList;
			buildConfigurations = (
				DBE1DCC02CED973C000ABD8B /* Debug */,
				DBE1DCC12CED973C000ABD8B /* Release */,
			);
			defaultConfigurationIsVisible = 0;
			defaultConfigurationName = Release;
		};
		DBE1DCC22CED973C000ABD8B /* Build configuration list for PBXNativeTarget "Home Vue" */ = {
			isa = XCConfigurationList;
			buildConfigurations = (
				DBE1DCC32CED973C000ABD8B /* Debug */,
				DBE1DCC42CED973C000ABD8B /* Release */,
			);
			defaultConfigurationIsVisible = 0;
			defaultConfigurationName = Release;
		};
		DBE1DCC52CED973C000ABD8B /* Build configuration list for PBXNativeTarget "Home VueTests" */ = {
			isa = XCConfigurationList;
			buildConfigurations = (
				DBE1DCC62CED973C000ABD8B /* Debug */,
				DBE1DCC72CED973C000ABD8B /* Release */,
			);
			defaultConfigurationIsVisible = 0;
			defaultConfigurationName = Release;
		};
		DBE1DCC82CED973C000ABD8B /* Build configuration list for PBXNativeTarget "Home VueUITests" */ = {
			isa = XCConfigurationList;
			buildConfigurations = (
				DBE1DCC92CED973C000ABD8B /* Debug */,
				DBE1DCCA2CED973C000ABD8B /* Release */,
			);
			defaultConfigurationIsVisible = 0;
			defaultConfigurationName = Release;
		};
/* End XCConfigurationList section */
	};
	rootObject = DBE1DC902CED9737000ABD8B /* Project object */;
}
